{
  "nodes": {
    "enter-the-wired": {
      "inputs": {
        "nixpkgs": [
          "nixpkgs-unstable"
        ]
      },
      "locked": {
        "lastModified": 1780968660,
        "narHash": "sha256-qSVYS8oWlOR6pjNMUqC2Av0XC2R4AZVT3Khj3KS/dKs=",
        "owner": "ciscosweater",
        "repo": "enter-the-wired",
        "rev": "d64bb7c3acfb74a65ebae2bba46ca565f17d4945",
        "type": "github"
      },
      "original": {
        "owner": "ciscosweater",
        "repo": "enter-the-wired",
        "rev": "d64bb7c3acfb74a65ebae2bba46ca565f17d4945",
        "type": "github"
      }
    },
    "nixos-hardware": {
      "inputs": {
        "nixpkgs": [
          "nixpkgs"
        ]
      },
      "locked": {
        "lastModified": 1782166108,
        "narHash": "sha256-/EtnQBcKbsaCAGQ5VRcplrHRkR4ryqyLMpBfkVuG9Xw=",
        "owner": "NixOS",
        "repo": "nixos-hardware",
        "rev": "875776f0252fcb8618bb948640a0d1f7a5b362be",
        "type": "github"
      },
      "original": {
        "owner": "NixOS",
        "ref": "master",
        "repo": "nixos-hardware",
        "type": "github"
      }
    },
    "nixpkgs": {
      "locked": {
        "lastModified": 1782116945,
        "narHash": "sha256-G3tw/IXmaH6IQ2upZvhuN9sG8CkuX+BLuJDpE8hz0Ds=",
        "owner": "nixos",
        "repo": "nixpkgs",
        "rev": "34268251cf5547d39063f2c5ea9a196246f7f3a6",
        "type": "github"
      },
      "original": {
        "owner": "nixos",
        "ref": "nixos-26.05",
        "repo": "nixpkgs",
        "type": "github"
      }
    },
    "nixpkgs-unstable": {
      "locked": {
        "lastModified": 1781577229,
        "narHash": "sha256-lrp67w8AulE9Ks53n27I45ADSzbOCn4H+CNW1Ck8B+8=",
        "owner": "nixos",
        "repo": "nixpkgs",
        "rev": "567a49d1913ce81ac6e9582e3553dd90a955875f",
        "type": "github"
      },
      "original": {
        "owner": "nixos",
        "ref": "nixos-unstable",
        "repo": "nixpkgs",
        "type": "github"
      }
    },
    "pop-shell": {
      "flake": false,
      "locked": {
        "lastModified": 1774967119,
        "narHash": "sha256-MmHoOxymo0QSRbRcSbFiv82+QWAwIwXwg/wyGQGVYiI=",
        "owner": "pop-os",
        "repo": "shell",
        "rev": "7898b65c20735057faf0797f8ed056704ca55f0d",
        "type": "github"
      },
      "original": {
        "owner": "pop-os",
        "ref": "master_noble",
        "repo": "shell",
        "type": "github"
      }
    },
    "root": {
      "inputs": {
        "enter-the-wired": "enter-the-wired",
        "nixos-hardware": "nixos-hardware",
        "nixpkgs": "nixpkgs",
        "nixpkgs-unstable": "nixpkgs-unstable",
        "pop-shell": "pop-shell",
        "sls-steam": "sls-steam"
      }
    },
    "sls-steam": {
      "inputs": {
        "nixpkgs": [
          "nixpkgs-unstable"
        ]
      },
      "locked": {
        "lastModified": 1780396352,
        "narHash": "sha256-yM/JJgwFUa8Sz8Afp9R78jsym8lIjNWqs1vN54SNy+Y=",
        "owner": "AceSLS",
        "repo": "SLSsteam",
        "rev": "8fd895a222afaf500400cf2a07383b249ebd15e4",
        "type": "github"
      },
      "original": {
        "owner": "AceSLS",
        "repo": "SLSsteam",
        "rev": "8fd895a222afaf500400cf2a07383b249ebd15e4",
        "type": "github"
      }
    }
  },
  "root": "root",
  "version": 7
}
