{
  "nodes": {
    "enter-the-wired": {
      "inputs": {
        "nixpkgs": [
          "nixpkgs-unstable"
        ]
      },
      "locked": {
        "lastModified": 1780790250,
        "narHash": "sha256-c488/iCqt8tHy8LizNOql2ahbyizVZ3uqlUEtUi1ijc=",
        "owner": "c4i0b",
        "repo": "enter-the-wired",
        "rev": "c0d2ef2f133787c0da3754d4371955c967e55fb9",
        "type": "github"
      },
      "original": {
        "owner": "c4i0b",
        "repo": "enter-the-wired",
        "rev": "c0d2ef2f133787c0da3754d4371955c967e55fb9",
        "type": "github"
      }
    },
    "home-manager": {
      "inputs": {
        "nixpkgs": [
          "nixpkgs"
        ]
      },
      "locked": {
        "lastModified": 1780883961,
        "narHash": "sha256-WU6SUrESuPiEXEUvX4D51AgWrXRJty+sLJBwBaDBGqE=",
        "owner": "nix-community",
        "repo": "home-manager",
        "rev": "4eb4fec41674d5b059aa2eedf0f98453890546fa",
        "type": "github"
      },
      "original": {
        "owner": "nix-community",
        "ref": "release-26.05",
        "repo": "home-manager",
        "type": "github"
      }
    },
    "nixos-hardware": {
      "inputs": {
        "nixpkgs": [
          "nixpkgs"
        ]
      },
      "locked": {
        "lastModified": 1780310866,
        "narHash": "sha256-fPBRVf6A5xlACYcOI59shGrjURuvwu0lRsDoSCEXt/I=",
        "owner": "NixOS",
        "repo": "nixos-hardware",
        "rev": "4ed851c979641e28597a05086332d75cdc9e395f",
        "type": "github"
      },
      "original": {
        "owner": "NixOS",
        "ref": "master",
        "repo": "nixos-hardware",
        "type": "github"
      }
    },
    "nixpkgs": {
      "locked": {
        "lastModified": 1780902259,
        "narHash": "sha256-q8yYEC5f1mFlQO9RGna4LTc9QrcvWunX6FYp83munkQ=",
        "owner": "nixos",
        "repo": "nixpkgs",
        "rev": "bd0ff2d3eac24699c3664d5966b9ef36f388e2ca",
        "type": "github"
      },
      "original": {
        "owner": "nixos",
        "ref": "nixos-26.05",
        "repo": "nixpkgs",
        "type": "github"
      }
    },
    "nixpkgs-unstable": {
      "locked": {
        "lastModified": 1780749050,
        "narHash": "sha256-3av0pIjlOWQ6rDbNOmpUSvbNnJkGORQKKjb4LtCZsIY=",
        "owner": "nixos",
        "repo": "nixpkgs",
        "rev": "a799d3e3886da994fa307f817a6bc705ae538eeb",
        "type": "github"
      },
      "original": {
        "owner": "nixos",
        "ref": "nixos-unstable",
        "repo": "nixpkgs",
        "type": "github"
      }
    },
    "pop-shell": {
      "flake": false,
      "locked": {
        "lastModified": 1774967119,
        "narHash": "sha256-MmHoOxymo0QSRbRcSbFiv82+QWAwIwXwg/wyGQGVYiI=",
        "owner": "pop-os",
        "repo": "shell",
        "rev": "7898b65c20735057faf0797f8ed056704ca55f0d",
        "type": "github"
      },
      "original": {
        "owner": "pop-os",
        "ref": "master_noble",
        "repo": "shell",
        "type": "github"
      }
    },
    "root": {
      "inputs": {
        "enter-the-wired": "enter-the-wired",
        "home-manager": "home-manager",
        "nixos-hardware": "nixos-hardware",
        "nixpkgs": "nixpkgs",
        "nixpkgs-unstable": "nixpkgs-unstable",
        "pop-shell": "pop-shell",
        "sls-steam": "sls-steam"
      }
    },
    "sls-steam": {
      "inputs": {
        "nixpkgs": [
          "nixpkgs-unstable"
        ]
      },
      "locked": {
        "lastModified": 1780396352,
        "narHash": "sha256-yM/JJgwFUa8Sz8Afp9R78jsym8lIjNWqs1vN54SNy+Y=",
        "owner": "AceSLS",
        "repo": "SLSsteam",
        "rev": "8fd895a222afaf500400cf2a07383b249ebd15e4",
        "type": "github"
      },
      "original": {
        "owner": "AceSLS",
        "repo": "SLSsteam",
        "rev": "8fd895a222afaf500400cf2a07383b249ebd15e4",
        "type": "github"
      }
    }
  },
  "root": "root",
  "version": 7
}
