name: update-flake-lock

on:
  schedule:
    - cron: '0 0 * * *' # daily at midnight UTC
  workflow_dispatch:

permissions:
  contents: write
  pull-requests: write

jobs:
  update-flake-lock:
    runs-on: ubuntu-latest
    steps:
      - uses: actions/checkout@v4
      - uses: DeterminateSystems/determinate-nix-action@v3
      - id: update
        uses: DeterminateSystems/update-flake-lock@main
        with:
          token: ${{ secrets.GH_TOKEN_FOR_UPDATES }}
          pr-title: "chore: update flake.lock"
          pr-body: |
            Automated flake dependency update.
            {{env.GIT_COMMIT_MESSAGE}}
          pr-labels: |
            dependencies
            automated
      - name: Enable auto-merge
        if: ${{ steps.update.outputs.pull-request-number != '' }}
        run: gh pr merge --auto --squash "${{ steps.update.outputs.pull-request-number }}"
        env:
          GH_TOKEN: ${{ secrets.GH_TOKEN_FOR_UPDATES }}
